
Microsoft Visual Studio Solution File, Format Version 12.00
# Visual Studio 15
VisualStudioVersion = 15.0.27428.2037
MinimumVisualStudioVersion = 10.0.40219.1
Project("{9A19103F-16F7-4668-BE54-9A1E7A4F7556}") = "Kamihikouki.NETStandard", "Kamihikouki.NETStandard\Kamihikouki.NETStandard.csproj", "{4A1CB8FD-36FC-427D-AE0E-0C20D09EC70A}"
EndProject
Project("{9A19103F-16F7-4668-BE54-9A1E7A4F7556}") = "Kamihikouki.Sample.Console", "Kamihikouki.Sample.Console\Kamihikouki.Sample.Console.csproj", "{17778EBE-C985-46E6-AB1A-67D3CFF37069}"
EndProject
Project("{2150E333-8FDC-42A3-9474-1A3956D46DE8}") = "Solution Items", "Solution Items", "{604CCB33-02E9-4BA2-9591-B27DBC01C50D}"
	ProjectSection(SolutionItems) = preProject
		LICENSE.txt = LICENSE.txt
		README.md = README.md
	EndProjectSection
EndProject
Project("{9A19103F-16F7-4668-BE54-9A1E7A4F7556}") = "Kamihikouki.Benchmark.NETCore", "Kamihikouki.Benchmark.NETCore\Kamihikouki.Benchmark.NETCore.csproj", "{2E012790-6EFD-43B5-9A7B-2DFED2312CAF}"
EndProject
Project("{FAE04EC0-301F-11D3-BF4B-00C04F79EFBC}") = "Kamihikouki.Benchmark.NETFramework.Profiler", "Kamihikouki.Benchmark.NETFramework.Profiler\Kamihikouki.Benchmark.NETFramework.Profiler.csproj", "{9CEFBCCD-852A-436F-BD75-DBB8D2AA8FEB}"
EndProject
Project("{FAE04EC0-301F-11D3-BF4B-00C04F79EFBC}") = "Kamihikouki.Platform.Android", "Kamihikouki.Platform.Android\Kamihikouki.Platform.Android.csproj", "{748D33AB-A659-43FB-A889-288284EC5BBA}"
EndProject
Project("{9A19103F-16F7-4668-BE54-9A1E7A4F7556}") = "Kamihikouki.Sample.NETStandard", "Kamihikouki.Sample.NETStandard\Kamihikouki.Sample.NETStandard.csproj", "{797F48E6-8D08-4925-A65A-B358308BBF35}"
EndProject
Project("{FAE04EC0-301F-11D3-BF4B-00C04F79EFBC}") = "Kamihikouki.Sample.Platform.Android", "Kamihikouki.Sample.Platform.Android\Kamihikouki.Sample.Platform.Android.csproj", "{BE810E89-2AAB-4D0F-8C78-F3237C4F80D0}"
EndProject
Project("{FAE04EC0-301F-11D3-BF4B-00C04F79EFBC}") = "Kamihikouki.Sample.XamarinForms.Android", "Kamihikouki.Sample.XamarinForms.Android\Kamihikouki.Sample.XamarinForms.Android.csproj", "{BB2AFA4C-D22A-4185-9259-1B559015EA0C}"
EndProject
Project("{FAE04EC0-301F-11D3-BF4B-00C04F79EFBC}") = "Kamihikouki.Sample.XamarinForms.iOS", "Kamihikouki.Sample.XamarinForms.iOS\Kamihikouki.Sample.XamarinForms.iOS.csproj", "{29B3D0E2-4A18-4791-9BBC-A66532ED9DBF}"
EndProject
Project("{FAE04EC0-301F-11D3-BF4B-00C04F79EFBC}") = "Kamihikouki.Sample.XamarinForms.UWP", "Kamihikouki.Sample.XamarinForms.UWP\Kamihikouki.Sample.XamarinForms.UWP.csproj", "{63F5BA99-75C3-4060-AFCC-9E960C36A567}"
EndProject
Project("{FAE04EC0-301F-11D3-BF4B-00C04F79EFBC}") = "Kamihikouki.Sample.XamarinForms", "Kamihikouki.Sample.XamarinForms\Kamihikouki.Sample.XamarinForms.csproj", "{4F13B2BB-A5BE-4734-8B52-2A1460CD3BC4}"
EndProject
Global
	GlobalSection(SolutionConfigurationPlatforms) = preSolution
		Ad-Hoc|Any CPU = Ad-Hoc|Any CPU
		Ad-Hoc|ARM = Ad-Hoc|ARM
		Ad-Hoc|iPhone = Ad-Hoc|iPhone
		Ad-Hoc|iPhoneSimulator = Ad-Hoc|iPhoneSimulator
		Ad-Hoc|x64 = Ad-Hoc|x64
		Ad-Hoc|x86 = Ad-Hoc|x86
		AppStore|Any CPU = AppStore|Any CPU
		AppStore|ARM = AppStore|ARM
		AppStore|iPhone = AppStore|iPhone
		AppStore|iPhoneSimulator = AppStore|iPhoneSimulator
		AppStore|x64 = AppStore|x64
		AppStore|x86 = AppStore|x86
		Debug|Any CPU = Debug|Any CPU
		Debug|ARM = Debug|ARM
		Debug|iPhone = Debug|iPhone
		Debug|iPhoneSimulator = Debug|iPhoneSimulator
		Debug|x64 = Debug|x64
		Debug|x86 = Debug|x86
		Release|Any CPU = Release|Any CPU
		Release|ARM = Release|ARM
		Release|iPhone = Release|iPhone
		Release|iPhoneSimulator = Release|iPhoneSimulator
		Release|x64 = Release|x64
		Release|x86 = Release|x86
	EndGlobalSection
	GlobalSection(ProjectConfigurationPlatforms) = postSolution
		{4A1CB8FD-36FC-427D-AE0E-0C20D09EC70A}.Ad-Hoc|Any CPU.ActiveCfg = Release|Any CPU
		{4A1CB8FD-36FC-427D-AE0E-0C20D09EC70A}.Ad-Hoc|Any CPU.Build.0 = Release|Any CPU
		{4A1CB8FD-36FC-427D-AE0E-0C20D09EC70A}.Ad-Hoc|ARM.ActiveCfg = Release|Any CPU
		{4A1CB8FD-36FC-427D-AE0E-0C20D09EC70A}.Ad-Hoc|ARM.Build.0 = Release|Any CPU
		{4A1CB8FD-36FC-427D-AE0E-0C20D09EC70A}.Ad-Hoc|iPhone.ActiveCfg = Release|Any CPU
		{4A1CB8FD-36FC-427D-AE0E-0C20D09EC70A}.Ad-Hoc|iPhone.Build.0 = Release|Any CPU
		{4A1CB8FD-36FC-427D-AE0E-0C20D09EC70A}.Ad-Hoc|iPhoneSimulator.ActiveCfg = Release|Any CPU
		{4A1CB8FD-36FC-427D-AE0E-0C20D09EC70A}.Ad-Hoc|iPhoneSimulator.Build.0 = Release|Any CPU
		{4A1CB8FD-36FC-427D-AE0E-0C20D09EC70A}.Ad-Hoc|x64.ActiveCfg = Release|Any CPU
		{4A1CB8FD-36FC-427D-AE0E-0C20D09EC70A}.Ad-Hoc|x64.Build.0 = Release|Any CPU
		{4A1CB8FD-36FC-427D-AE0E-0C20D09EC70A}.Ad-Hoc|x86.ActiveCfg = Release|x86
		{4A1CB8FD-36FC-427D-AE0E-0C20D09EC70A}.Ad-Hoc|x86.Build.0 = Release|x86
		{4A1CB8FD-36FC-427D-AE0E-0C20D09EC70A}.AppStore|Any CPU.ActiveCfg = Release|Any CPU
		{4A1CB8FD-36FC-427D-AE0E-0C20D09EC70A}.AppStore|Any CPU.Build.0 = Release|Any CPU
		{4A1CB8FD-36FC-427D-AE0E-0C20D09EC70A}.AppStore|ARM.ActiveCfg = Release|Any CPU
		{4A1CB8FD-36FC-427D-AE0E-0C20D09EC70A}.AppStore|ARM.Build.0 = Release|Any CPU
		{4A1CB8FD-36FC-427D-AE0E-0C20D09EC70A}.AppStore|iPhone.ActiveCfg = Release|Any CPU
		{4A1CB8FD-36FC-427D-AE0E-0C20D09EC70A}.AppStore|iPhone.Build.0 = Release|Any CPU
		{4A1CB8FD-36FC-427D-AE0E-0C20D09EC70A}.AppStore|iPhoneSimulator.ActiveCfg = Release|Any CPU
		{4A1CB8FD-36FC-427D-AE0E-0C20D09EC70A}.AppStore|iPhoneSimulator.Build.0 = Release|Any CPU
		{4A1CB8FD-36FC-427D-AE0E-0C20D09EC70A}.AppStore|x64.ActiveCfg = Release|Any CPU
		{4A1CB8FD-36FC-427D-AE0E-0C20D09EC70A}.AppStore|x64.Build.0 = Release|Any CPU
		{4A1CB8FD-36FC-427D-AE0E-0C20D09EC70A}.AppStore|x86.ActiveCfg = Release|x86
		{4A1CB8FD-36FC-427D-AE0E-0C20D09EC70A}.AppStore|x86.Build.0 = Release|x86
		{4A1CB8FD-36FC-427D-AE0E-0C20D09EC70A}.Debug|Any CPU.ActiveCfg = Debug|Any CPU
		{4A1CB8FD-36FC-427D-AE0E-0C20D09EC70A}.Debug|Any CPU.Build.0 = Debug|Any CPU
		{4A1CB8FD-36FC-427D-AE0E-0C20D09EC70A}.Debug|ARM.ActiveCfg = Debug|Any CPU
		{4A1CB8FD-36FC-427D-AE0E-0C20D09EC70A}.Debug|ARM.Build.0 = Debug|Any CPU
		{4A1CB8FD-36FC-427D-AE0E-0C20D09EC70A}.Debug|iPhone.ActiveCfg = Debug|Any CPU
		{4A1CB8FD-36FC-427D-AE0E-0C20D09EC70A}.Debug|iPhone.Build.0 = Debug|Any CPU
		{4A1CB8FD-36FC-427D-AE0E-0C20D09EC70A}.Debug|iPhoneSimulator.ActiveCfg = Debug|Any CPU
		{4A1CB8FD-36FC-427D-AE0E-0C20D09EC70A}.Debug|iPhoneSimulator.Build.0 = Debug|Any CPU
		{4A1CB8FD-36FC-427D-AE0E-0C20D09EC70A}.Debug|x64.ActiveCfg = Debug|Any CPU
		{4A1CB8FD-36FC-427D-AE0E-0C20D09EC70A}.Debug|x64.Build.0 = Debug|Any CPU
		{4A1CB8FD-36FC-427D-AE0E-0C20D09EC70A}.Debug|x86.ActiveCfg = Debug|x86
		{4A1CB8FD-36FC-427D-AE0E-0C20D09EC70A}.Debug|x86.Build.0 = Debug|x86
		{4A1CB8FD-36FC-427D-AE0E-0C20D09EC70A}.Release|Any CPU.ActiveCfg = Release|Any CPU
		{4A1CB8FD-36FC-427D-AE0E-0C20D09EC70A}.Release|Any CPU.Build.0 = Release|Any CPU
		{4A1CB8FD-36FC-427D-AE0E-0C20D09EC70A}.Release|ARM.ActiveCfg = Release|Any CPU
		{4A1CB8FD-36FC-427D-AE0E-0C20D09EC70A}.Release|ARM.Build.0 = Release|Any CPU
		{4A1CB8FD-36FC-427D-AE0E-0C20D09EC70A}.Release|iPhone.ActiveCfg = Release|Any CPU
		{4A1CB8FD-36FC-427D-AE0E-0C20D09EC70A}.Release|iPhone.Build.0 = Release|Any CPU
		{4A1CB8FD-36FC-427D-AE0E-0C20D09EC70A}.Release|iPhoneSimulator.ActiveCfg = Release|Any CPU
		{4A1CB8FD-36FC-427D-AE0E-0C20D09EC70A}.Release|iPhoneSimulator.Build.0 = Release|Any CPU
		{4A1CB8FD-36FC-427D-AE0E-0C20D09EC70A}.Release|x64.ActiveCfg = Release|Any CPU
		{4A1CB8FD-36FC-427D-AE0E-0C20D09EC70A}.Release|x64.Build.0 = Release|Any CPU
		{4A1CB8FD-36FC-427D-AE0E-0C20D09EC70A}.Release|x86.ActiveCfg = Release|x86
		{4A1CB8FD-36FC-427D-AE0E-0C20D09EC70A}.Release|x86.Build.0 = Release|x86
		{17778EBE-C985-46E6-AB1A-67D3CFF37069}.Ad-Hoc|Any CPU.ActiveCfg = Release|Any CPU
		{17778EBE-C985-46E6-AB1A-67D3CFF37069}.Ad-Hoc|Any CPU.Build.0 = Release|Any CPU
		{17778EBE-C985-46E6-AB1A-67D3CFF37069}.Ad-Hoc|ARM.ActiveCfg = Release|Any CPU
		{17778EBE-C985-46E6-AB1A-67D3CFF37069}.Ad-Hoc|ARM.Build.0 = Release|Any CPU
		{17778EBE-C985-46E6-AB1A-67D3CFF37069}.Ad-Hoc|iPhone.ActiveCfg = Release|Any CPU
		{17778EBE-C985-46E6-AB1A-67D3CFF37069}.Ad-Hoc|iPhone.Build.0 = Release|Any CPU
		{17778EBE-C985-46E6-AB1A-67D3CFF37069}.Ad-Hoc|iPhoneSimulator.ActiveCfg = Release|Any CPU
		{17778EBE-C985-46E6-AB1A-67D3CFF37069}.Ad-Hoc|iPhoneSimulator.Build.0 = Release|Any CPU
		{17778EBE-C985-46E6-AB1A-67D3CFF37069}.Ad-Hoc|x64.ActiveCfg = Release|Any CPU
		{17778EBE-C985-46E6-AB1A-67D3CFF37069}.Ad-Hoc|x64.Build.0 = Release|Any CPU
		{17778EBE-C985-46E6-AB1A-67D3CFF37069}.Ad-Hoc|x86.ActiveCfg = Release|x86
		{17778EBE-C985-46E6-AB1A-67D3CFF37069}.Ad-Hoc|x86.Build.0 = Release|x86
		{17778EBE-C985-46E6-AB1A-67D3CFF37069}.AppStore|Any CPU.ActiveCfg = Release|Any CPU
		{17778EBE-C985-46E6-AB1A-67D3CFF37069}.AppStore|Any CPU.Build.0 = Release|Any CPU
		{17778EBE-C985-46E6-AB1A-67D3CFF37069}.AppStore|ARM.ActiveCfg = Release|Any CPU
		{17778EBE-C985-46E6-AB1A-67D3CFF37069}.AppStore|ARM.Build.0 = Release|Any CPU
		{17778EBE-C985-46E6-AB1A-67D3CFF37069}.AppStore|iPhone.ActiveCfg = Release|Any CPU
		{17778EBE-C985-46E6-AB1A-67D3CFF37069}.AppStore|iPhone.Build.0 = Release|Any CPU
		{17778EBE-C985-46E6-AB1A-67D3CFF37069}.AppStore|iPhoneSimulator.ActiveCfg = Release|Any CPU
		{17778EBE-C985-46E6-AB1A-67D3CFF37069}.AppStore|iPhoneSimulator.Build.0 = Release|Any CPU
		{17778EBE-C985-46E6-AB1A-67D3CFF37069}.AppStore|x64.ActiveCfg = Release|Any CPU
		{17778EBE-C985-46E6-AB1A-67D3CFF37069}.AppStore|x64.Build.0 = Release|Any CPU
		{17778EBE-C985-46E6-AB1A-67D3CFF37069}.AppStore|x86.ActiveCfg = Release|x86
		{17778EBE-C985-46E6-AB1A-67D3CFF37069}.AppStore|x86.Build.0 = Release|x86
		{17778EBE-C985-46E6-AB1A-67D3CFF37069}.Debug|Any CPU.ActiveCfg = Debug|Any CPU
		{17778EBE-C985-46E6-AB1A-67D3CFF37069}.Debug|Any CPU.Build.0 = Debug|Any CPU
		{17778EBE-C985-46E6-AB1A-67D3CFF37069}.Debug|ARM.ActiveCfg = Debug|Any CPU
		{17778EBE-C985-46E6-AB1A-67D3CFF37069}.Debug|ARM.Build.0 = Debug|Any CPU
		{17778EBE-C985-46E6-AB1A-67D3CFF37069}.Debug|iPhone.ActiveCfg = Debug|Any CPU
		{17778EBE-C985-46E6-AB1A-67D3CFF37069}.Debug|iPhone.Build.0 = Debug|Any CPU
		{17778EBE-C985-46E6-AB1A-67D3CFF37069}.Debug|iPhoneSimulator.ActiveCfg = Debug|Any CPU
		{17778EBE-C985-46E6-AB1A-67D3CFF37069}.Debug|iPhoneSimulator.Build.0 = Debug|Any CPU
		{17778EBE-C985-46E6-AB1A-67D3CFF37069}.Debug|x64.ActiveCfg = Debug|Any CPU
		{17778EBE-C985-46E6-AB1A-67D3CFF37069}.Debug|x64.Build.0 = Debug|Any CPU
		{17778EBE-C985-46E6-AB1A-67D3CFF37069}.Debug|x86.ActiveCfg = Debug|x86
		{17778EBE-C985-46E6-AB1A-67D3CFF37069}.Debug|x86.Build.0 = Debug|x86
		{17778EBE-C985-46E6-AB1A-67D3CFF37069}.Release|Any CPU.ActiveCfg = Release|Any CPU
		{17778EBE-C985-46E6-AB1A-67D3CFF37069}.Release|Any CPU.Build.0 = Release|Any CPU
		{17778EBE-C985-46E6-AB1A-67D3CFF37069}.Release|ARM.ActiveCfg = Release|Any CPU
		{17778EBE-C985-46E6-AB1A-67D3CFF37069}.Release|ARM.Build.0 = Release|Any CPU
		{17778EBE-C985-46E6-AB1A-67D3CFF37069}.Release|iPhone.ActiveCfg = Release|Any CPU
		{17778EBE-C985-46E6-AB1A-67D3CFF37069}.Release|iPhone.Build.0 = Release|Any CPU
		{17778EBE-C985-46E6-AB1A-67D3CFF37069}.Release|iPhoneSimulator.ActiveCfg = Release|Any CPU
		{17778EBE-C985-46E6-AB1A-67D3CFF37069}.Release|iPhoneSimulator.Build.0 = Release|Any CPU
		{17778EBE-C985-46E6-AB1A-67D3CFF37069}.Release|x64.ActiveCfg = Release|Any CPU
		{17778EBE-C985-46E6-AB1A-67D3CFF37069}.Release|x64.Build.0 = Release|Any CPU
		{17778EBE-C985-46E6-AB1A-67D3CFF37069}.Release|x86.ActiveCfg = Release|x86
		{17778EBE-C985-46E6-AB1A-67D3CFF37069}.Release|x86.Build.0 = Release|x86
		{2E012790-6EFD-43B5-9A7B-2DFED2312CAF}.Ad-Hoc|Any CPU.ActiveCfg = Release|Any CPU
		{2E012790-6EFD-43B5-9A7B-2DFED2312CAF}.Ad-Hoc|Any CPU.Build.0 = Release|Any CPU
		{2E012790-6EFD-43B5-9A7B-2DFED2312CAF}.Ad-Hoc|ARM.ActiveCfg = Release|Any CPU
		{2E012790-6EFD-43B5-9A7B-2DFED2312CAF}.Ad-Hoc|ARM.Build.0 = Release|Any CPU
		{2E012790-6EFD-43B5-9A7B-2DFED2312CAF}.Ad-Hoc|iPhone.ActiveCfg = Release|Any CPU
		{2E012790-6EFD-43B5-9A7B-2DFED2312CAF}.Ad-Hoc|iPhone.Build.0 = Release|Any CPU
		{2E012790-6EFD-43B5-9A7B-2DFED2312CAF}.Ad-Hoc|iPhoneSimulator.ActiveCfg = Release|Any CPU
		{2E012790-6EFD-43B5-9A7B-2DFED2312CAF}.Ad-Hoc|iPhoneSimulator.Build.0 = Release|Any CPU
		{2E012790-6EFD-43B5-9A7B-2DFED2312CAF}.Ad-Hoc|x64.ActiveCfg = Release|Any CPU
		{2E012790-6EFD-43B5-9A7B-2DFED2312CAF}.Ad-Hoc|x64.Build.0 = Release|Any CPU
		{2E012790-6EFD-43B5-9A7B-2DFED2312CAF}.Ad-Hoc|x86.ActiveCfg = Release|x86
		{2E012790-6EFD-43B5-9A7B-2DFED2312CAF}.Ad-Hoc|x86.Build.0 = Release|x86
		{2E012790-6EFD-43B5-9A7B-2DFED2312CAF}.AppStore|Any CPU.ActiveCfg = Release|Any CPU
		{2E012790-6EFD-43B5-9A7B-2DFED2312CAF}.AppStore|Any CPU.Build.0 = Release|Any CPU
		{2E012790-6EFD-43B5-9A7B-2DFED2312CAF}.AppStore|ARM.ActiveCfg = Release|Any CPU
		{2E012790-6EFD-43B5-9A7B-2DFED2312CAF}.AppStore|ARM.Build.0 = Release|Any CPU
		{2E012790-6EFD-43B5-9A7B-2DFED2312CAF}.AppStore|iPhone.ActiveCfg = Release|Any CPU
		{2E012790-6EFD-43B5-9A7B-2DFED2312CAF}.AppStore|iPhone.Build.0 = Release|Any CPU
		{2E012790-6EFD-43B5-9A7B-2DFED2312CAF}.AppStore|iPhoneSimulator.ActiveCfg = Release|Any CPU
		{2E012790-6EFD-43B5-9A7B-2DFED2312CAF}.AppStore|iPhoneSimulator.Build.0 = Release|Any CPU
		{2E012790-6EFD-43B5-9A7B-2DFED2312CAF}.AppStore|x64.ActiveCfg = Release|Any CPU
		{2E012790-6EFD-43B5-9A7B-2DFED2312CAF}.AppStore|x64.Build.0 = Release|Any CPU
		{2E012790-6EFD-43B5-9A7B-2DFED2312CAF}.AppStore|x86.ActiveCfg = Release|x86
		{2E012790-6EFD-43B5-9A7B-2DFED2312CAF}.AppStore|x86.Build.0 = Release|x86
		{2E012790-6EFD-43B5-9A7B-2DFED2312CAF}.Debug|Any CPU.ActiveCfg = Debug|Any CPU
		{2E012790-6EFD-43B5-9A7B-2DFED2312CAF}.Debug|Any CPU.Build.0 = Debug|Any CPU
		{2E012790-6EFD-43B5-9A7B-2DFED2312CAF}.Debug|ARM.ActiveCfg = Debug|Any CPU
		{2E012790-6EFD-43B5-9A7B-2DFED2312CAF}.Debug|ARM.Build.0 = Debug|Any CPU
		{2E012790-6EFD-43B5-9A7B-2DFED2312CAF}.Debug|iPhone.ActiveCfg = Debug|Any CPU
		{2E012790-6EFD-43B5-9A7B-2DFED2312CAF}.Debug|iPhone.Build.0 = Debug|Any CPU
		{2E012790-6EFD-43B5-9A7B-2DFED2312CAF}.Debug|iPhoneSimulator.ActiveCfg = Debug|Any CPU
		{2E012790-6EFD-43B5-9A7B-2DFED2312CAF}.Debug|iPhoneSimulator.Build.0 = Debug|Any CPU
		{2E012790-6EFD-43B5-9A7B-2DFED2312CAF}.Debug|x64.ActiveCfg = Debug|Any CPU
		{2E012790-6EFD-43B5-9A7B-2DFED2312CAF}.Debug|x64.Build.0 = Debug|Any CPU
		{2E012790-6EFD-43B5-9A7B-2DFED2312CAF}.Debug|x86.ActiveCfg = Debug|x86
		{2E012790-6EFD-43B5-9A7B-2DFED2312CAF}.Debug|x86.Build.0 = Debug|x86
		{2E012790-6EFD-43B5-9A7B-2DFED2312CAF}.Release|Any CPU.ActiveCfg = Release|Any CPU
		{2E012790-6EFD-43B5-9A7B-2DFED2312CAF}.Release|Any CPU.Build.0 = Release|Any CPU
		{2E012790-6EFD-43B5-9A7B-2DFED2312CAF}.Release|ARM.ActiveCfg = Release|Any CPU
		{2E012790-6EFD-43B5-9A7B-2DFED2312CAF}.Release|ARM.Build.0 = Release|Any CPU
		{2E012790-6EFD-43B5-9A7B-2DFED2312CAF}.Release|iPhone.ActiveCfg = Release|Any CPU
		{2E012790-6EFD-43B5-9A7B-2DFED2312CAF}.Release|iPhone.Build.0 = Release|Any CPU
		{2E012790-6EFD-43B5-9A7B-2DFED2312CAF}.Release|iPhoneSimulator.ActiveCfg = Release|Any CPU
		{2E012790-6EFD-43B5-9A7B-2DFED2312CAF}.Release|iPhoneSimulator.Build.0 = Release|Any CPU
		{2E012790-6EFD-43B5-9A7B-2DFED2312CAF}.Release|x64.ActiveCfg = Release|Any CPU
		{2E012790-6EFD-43B5-9A7B-2DFED2312CAF}.Release|x64.Build.0 = Release|Any CPU
		{2E012790-6EFD-43B5-9A7B-2DFED2312CAF}.Release|x86.ActiveCfg = Release|x86
		{2E012790-6EFD-43B5-9A7B-2DFED2312CAF}.Release|x86.Build.0 = Release|x86
		{9CEFBCCD-852A-436F-BD75-DBB8D2AA8FEB}.Ad-Hoc|Any CPU.ActiveCfg = Release|Any CPU
		{9CEFBCCD-852A-436F-BD75-DBB8D2AA8FEB}.Ad-Hoc|Any CPU.Build.0 = Release|Any CPU
		{9CEFBCCD-852A-436F-BD75-DBB8D2AA8FEB}.Ad-Hoc|ARM.ActiveCfg = Release|Any CPU
		{9CEFBCCD-852A-436F-BD75-DBB8D2AA8FEB}.Ad-Hoc|ARM.Build.0 = Release|Any CPU
		{9CEFBCCD-852A-436F-BD75-DBB8D2AA8FEB}.Ad-Hoc|iPhone.ActiveCfg = Release|Any CPU
		{9CEFBCCD-852A-436F-BD75-DBB8D2AA8FEB}.Ad-Hoc|iPhone.Build.0 = Release|Any CPU
		{9CEFBCCD-852A-436F-BD75-DBB8D2AA8FEB}.Ad-Hoc|iPhoneSimulator.ActiveCfg = Release|Any CPU
		{9CEFBCCD-852A-436F-BD75-DBB8D2AA8FEB}.Ad-Hoc|iPhoneSimulator.Build.0 = Release|Any CPU
		{9CEFBCCD-852A-436F-BD75-DBB8D2AA8FEB}.Ad-Hoc|x64.ActiveCfg = Release|Any CPU
		{9CEFBCCD-852A-436F-BD75-DBB8D2AA8FEB}.Ad-Hoc|x64.Build.0 = Release|Any CPU
		{9CEFBCCD-852A-436F-BD75-DBB8D2AA8FEB}.Ad-Hoc|x86.ActiveCfg = Release|x86
		{9CEFBCCD-852A-436F-BD75-DBB8D2AA8FEB}.Ad-Hoc|x86.Build.0 = Release|x86
		{9CEFBCCD-852A-436F-BD75-DBB8D2AA8FEB}.AppStore|Any CPU.ActiveCfg = Release|Any CPU
		{9CEFBCCD-852A-436F-BD75-DBB8D2AA8FEB}.AppStore|Any CPU.Build.0 = Release|Any CPU
		{9CEFBCCD-852A-436F-BD75-DBB8D2AA8FEB}.AppStore|ARM.ActiveCfg = Release|Any CPU
		{9CEFBCCD-852A-436F-BD75-DBB8D2AA8FEB}.AppStore|ARM.Build.0 = Release|Any CPU
		{9CEFBCCD-852A-436F-BD75-DBB8D2AA8FEB}.AppStore|iPhone.ActiveCfg = Release|Any CPU
		{9CEFBCCD-852A-436F-BD75-DBB8D2AA8FEB}.AppStore|iPhone.Build.0 = Release|Any CPU
		{9CEFBCCD-852A-436F-BD75-DBB8D2AA8FEB}.AppStore|iPhoneSimulator.ActiveCfg = Release|Any CPU
		{9CEFBCCD-852A-436F-BD75-DBB8D2AA8FEB}.AppStore|iPhoneSimulator.Build.0 = Release|Any CPU
		{9CEFBCCD-852A-436F-BD75-DBB8D2AA8FEB}.AppStore|x64.ActiveCfg = Release|Any CPU
		{9CEFBCCD-852A-436F-BD75-DBB8D2AA8FEB}.AppStore|x64.Build.0 = Release|Any CPU
		{9CEFBCCD-852A-436F-BD75-DBB8D2AA8FEB}.AppStore|x86.ActiveCfg = Release|x86
		{9CEFBCCD-852A-436F-BD75-DBB8D2AA8FEB}.AppStore|x86.Build.0 = Release|x86
		{9CEFBCCD-852A-436F-BD75-DBB8D2AA8FEB}.Debug|Any CPU.ActiveCfg = Debug|Any CPU
		{9CEFBCCD-852A-436F-BD75-DBB8D2AA8FEB}.Debug|Any CPU.Build.0 = Debug|Any CPU
		{9CEFBCCD-852A-436F-BD75-DBB8D2AA8FEB}.Debug|ARM.ActiveCfg = Debug|Any CPU
		{9CEFBCCD-852A-436F-BD75-DBB8D2AA8FEB}.Debug|ARM.Build.0 = Debug|Any CPU
		{9CEFBCCD-852A-436F-BD75-DBB8D2AA8FEB}.Debug|iPhone.ActiveCfg = Debug|Any CPU
		{9CEFBCCD-852A-436F-BD75-DBB8D2AA8FEB}.Debug|iPhone.Build.0 = Debug|Any CPU
		{9CEFBCCD-852A-436F-BD75-DBB8D2AA8FEB}.Debug|iPhoneSimulator.ActiveCfg = Debug|Any CPU
		{9CEFBCCD-852A-436F-BD75-DBB8D2AA8FEB}.Debug|iPhoneSimulator.Build.0 = Debug|Any CPU
		{9CEFBCCD-852A-436F-BD75-DBB8D2AA8FEB}.Debug|x64.ActiveCfg = Debug|Any CPU
		{9CEFBCCD-852A-436F-BD75-DBB8D2AA8FEB}.Debug|x64.Build.0 = Debug|Any CPU
		{9CEFBCCD-852A-436F-BD75-DBB8D2AA8FEB}.Debug|x86.ActiveCfg = Debug|x86
		{9CEFBCCD-852A-436F-BD75-DBB8D2AA8FEB}.Debug|x86.Build.0 = Debug|x86
		{9CEFBCCD-852A-436F-BD75-DBB8D2AA8FEB}.Release|Any CPU.ActiveCfg = Release|Any CPU
		{9CEFBCCD-852A-436F-BD75-DBB8D2AA8FEB}.Release|Any CPU.Build.0 = Release|Any CPU
		{9CEFBCCD-852A-436F-BD75-DBB8D2AA8FEB}.Release|ARM.ActiveCfg = Release|Any CPU
		{9CEFBCCD-852A-436F-BD75-DBB8D2AA8FEB}.Release|ARM.Build.0 = Release|Any CPU
		{9CEFBCCD-852A-436F-BD75-DBB8D2AA8FEB}.Release|iPhone.ActiveCfg = Release|Any CPU
		{9CEFBCCD-852A-436F-BD75-DBB8D2AA8FEB}.Release|iPhone.Build.0 = Release|Any CPU
		{9CEFBCCD-852A-436F-BD75-DBB8D2AA8FEB}.Release|iPhoneSimulator.ActiveCfg = Release|Any CPU
		{9CEFBCCD-852A-436F-BD75-DBB8D2AA8FEB}.Release|iPhoneSimulator.Build.0 = Release|Any CPU
		{9CEFBCCD-852A-436F-BD75-DBB8D2AA8FEB}.Release|x64.ActiveCfg = Release|Any CPU
		{9CEFBCCD-852A-436F-BD75-DBB8D2AA8FEB}.Release|x64.Build.0 = Release|Any CPU
		{9CEFBCCD-852A-436F-BD75-DBB8D2AA8FEB}.Release|x86.ActiveCfg = Release|x86
		{9CEFBCCD-852A-436F-BD75-DBB8D2AA8FEB}.Release|x86.Build.0 = Release|x86
		{748D33AB-A659-43FB-A889-288284EC5BBA}.Ad-Hoc|Any CPU.ActiveCfg = Release|Any CPU
		{748D33AB-A659-43FB-A889-288284EC5BBA}.Ad-Hoc|Any CPU.Build.0 = Release|Any CPU
		{748D33AB-A659-43FB-A889-288284EC5BBA}.Ad-Hoc|ARM.ActiveCfg = Release|Any CPU
		{748D33AB-A659-43FB-A889-288284EC5BBA}.Ad-Hoc|ARM.Build.0 = Release|Any CPU
		{748D33AB-A659-43FB-A889-288284EC5BBA}.Ad-Hoc|iPhone.ActiveCfg = Release|Any CPU
		{748D33AB-A659-43FB-A889-288284EC5BBA}.Ad-Hoc|iPhone.Build.0 = Release|Any CPU
		{748D33AB-A659-43FB-A889-288284EC5BBA}.Ad-Hoc|iPhoneSimulator.ActiveCfg = Release|Any CPU
		{748D33AB-A659-43FB-A889-288284EC5BBA}.Ad-Hoc|iPhoneSimulator.Build.0 = Release|Any CPU
		{748D33AB-A659-43FB-A889-288284EC5BBA}.Ad-Hoc|x64.ActiveCfg = Release|Any CPU
		{748D33AB-A659-43FB-A889-288284EC5BBA}.Ad-Hoc|x64.Build.0 = Release|Any CPU
		{748D33AB-A659-43FB-A889-288284EC5BBA}.Ad-Hoc|x86.ActiveCfg = Release|x86
		{748D33AB-A659-43FB-A889-288284EC5BBA}.Ad-Hoc|x86.Build.0 = Release|x86
		{748D33AB-A659-43FB-A889-288284EC5BBA}.AppStore|Any CPU.ActiveCfg = Release|Any CPU
		{748D33AB-A659-43FB-A889-288284EC5BBA}.AppStore|Any CPU.Build.0 = Release|Any CPU
		{748D33AB-A659-43FB-A889-288284EC5BBA}.AppStore|ARM.ActiveCfg = Release|Any CPU
		{748D33AB-A659-43FB-A889-288284EC5BBA}.AppStore|ARM.Build.0 = Release|Any CPU
		{748D33AB-A659-43FB-A889-288284EC5BBA}.AppStore|iPhone.ActiveCfg = Release|Any CPU
		{748D33AB-A659-43FB-A889-288284EC5BBA}.AppStore|iPhone.Build.0 = Release|Any CPU
		{748D33AB-A659-43FB-A889-288284EC5BBA}.AppStore|iPhoneSimulator.ActiveCfg = Release|Any CPU
		{748D33AB-A659-43FB-A889-288284EC5BBA}.AppStore|iPhoneSimulator.Build.0 = Release|Any CPU
		{748D33AB-A659-43FB-A889-288284EC5BBA}.AppStore|x64.ActiveCfg = Release|Any CPU
		{748D33AB-A659-43FB-A889-288284EC5BBA}.AppStore|x64.Build.0 = Release|Any CPU
		{748D33AB-A659-43FB-A889-288284EC5BBA}.AppStore|x86.ActiveCfg = Release|x86
		{748D33AB-A659-43FB-A889-288284EC5BBA}.AppStore|x86.Build.0 = Release|x86
		{748D33AB-A659-43FB-A889-288284EC5BBA}.Debug|Any CPU.ActiveCfg = Debug|Any CPU
		{748D33AB-A659-43FB-A889-288284EC5BBA}.Debug|Any CPU.Build.0 = Debug|Any CPU
		{748D33AB-A659-43FB-A889-288284EC5BBA}.Debug|ARM.ActiveCfg = Debug|Any CPU
		{748D33AB-A659-43FB-A889-288284EC5BBA}.Debug|ARM.Build.0 = Debug|Any CPU
		{748D33AB-A659-43FB-A889-288284EC5BBA}.Debug|iPhone.ActiveCfg = Debug|Any CPU
		{748D33AB-A659-43FB-A889-288284EC5BBA}.Debug|iPhone.Build.0 = Debug|Any CPU
		{748D33AB-A659-43FB-A889-288284EC5BBA}.Debug|iPhoneSimulator.ActiveCfg = Debug|Any CPU
		{748D33AB-A659-43FB-A889-288284EC5BBA}.Debug|iPhoneSimulator.Build.0 = Debug|Any CPU
		{748D33AB-A659-43FB-A889-288284EC5BBA}.Debug|x64.ActiveCfg = Debug|Any CPU
		{748D33AB-A659-43FB-A889-288284EC5BBA}.Debug|x64.Build.0 = Debug|Any CPU
		{748D33AB-A659-43FB-A889-288284EC5BBA}.Debug|x86.ActiveCfg = Debug|x86
		{748D33AB-A659-43FB-A889-288284EC5BBA}.Debug|x86.Build.0 = Debug|x86
		{748D33AB-A659-43FB-A889-288284EC5BBA}.Release|Any CPU.ActiveCfg = Release|Any CPU
		{748D33AB-A659-43FB-A889-288284EC5BBA}.Release|Any CPU.Build.0 = Release|Any CPU
		{748D33AB-A659-43FB-A889-288284EC5BBA}.Release|ARM.ActiveCfg = Release|Any CPU
		{748D33AB-A659-43FB-A889-288284EC5BBA}.Release|ARM.Build.0 = Release|Any CPU
		{748D33AB-A659-43FB-A889-288284EC5BBA}.Release|iPhone.ActiveCfg = Release|Any CPU
		{748D33AB-A659-43FB-A889-288284EC5BBA}.Release|iPhone.Build.0 = Release|Any CPU
		{748D33AB-A659-43FB-A889-288284EC5BBA}.Release|iPhoneSimulator.ActiveCfg = Release|Any CPU
		{748D33AB-A659-43FB-A889-288284EC5BBA}.Release|iPhoneSimulator.Build.0 = Release|Any CPU
		{748D33AB-A659-43FB-A889-288284EC5BBA}.Release|x64.ActiveCfg = Release|Any CPU
		{748D33AB-A659-43FB-A889-288284EC5BBA}.Release|x64.Build.0 = Release|Any CPU
		{748D33AB-A659-43FB-A889-288284EC5BBA}.Release|x86.ActiveCfg = Release|x86
		{748D33AB-A659-43FB-A889-288284EC5BBA}.Release|x86.Build.0 = Release|x86
		{797F48E6-8D08-4925-A65A-B358308BBF35}.Ad-Hoc|Any CPU.ActiveCfg = Release|Any CPU
		{797F48E6-8D08-4925-A65A-B358308BBF35}.Ad-Hoc|Any CPU.Build.0 = Release|Any CPU
		{797F48E6-8D08-4925-A65A-B358308BBF35}.Ad-Hoc|ARM.ActiveCfg = Release|Any CPU
		{797F48E6-8D08-4925-A65A-B358308BBF35}.Ad-Hoc|ARM.Build.0 = Release|Any CPU
		{797F48E6-8D08-4925-A65A-B358308BBF35}.Ad-Hoc|iPhone.ActiveCfg = Release|Any CPU
		{797F48E6-8D08-4925-A65A-B358308BBF35}.Ad-Hoc|iPhone.Build.0 = Release|Any CPU
		{797F48E6-8D08-4925-A65A-B358308BBF35}.Ad-Hoc|iPhoneSimulator.ActiveCfg = Release|Any CPU
		{797F48E6-8D08-4925-A65A-B358308BBF35}.Ad-Hoc|iPhoneSimulator.Build.0 = Release|Any CPU
		{797F48E6-8D08-4925-A65A-B358308BBF35}.Ad-Hoc|x64.ActiveCfg = Release|Any CPU
		{797F48E6-8D08-4925-A65A-B358308BBF35}.Ad-Hoc|x64.Build.0 = Release|Any CPU
		{797F48E6-8D08-4925-A65A-B358308BBF35}.Ad-Hoc|x86.ActiveCfg = Release|x86
		{797F48E6-8D08-4925-A65A-B358308BBF35}.Ad-Hoc|x86.Build.0 = Release|x86
		{797F48E6-8D08-4925-A65A-B358308BBF35}.AppStore|Any CPU.ActiveCfg = Release|Any CPU
		{797F48E6-8D08-4925-A65A-B358308BBF35}.AppStore|Any CPU.Build.0 = Release|Any CPU
		{797F48E6-8D08-4925-A65A-B358308BBF35}.AppStore|ARM.ActiveCfg = Release|Any CPU
		{797F48E6-8D08-4925-A65A-B358308BBF35}.AppStore|ARM.Build.0 = Release|Any CPU
		{797F48E6-8D08-4925-A65A-B358308BBF35}.AppStore|iPhone.ActiveCfg = Release|Any CPU
		{797F48E6-8D08-4925-A65A-B358308BBF35}.AppStore|iPhone.Build.0 = Release|Any CPU
		{797F48E6-8D08-4925-A65A-B358308BBF35}.AppStore|iPhoneSimulator.ActiveCfg = Release|Any CPU
		{797F48E6-8D08-4925-A65A-B358308BBF35}.AppStore|iPhoneSimulator.Build.0 = Release|Any CPU
		{797F48E6-8D08-4925-A65A-B358308BBF35}.AppStore|x64.ActiveCfg = Release|Any CPU
		{797F48E6-8D08-4925-A65A-B358308BBF35}.AppStore|x64.Build.0 = Release|Any CPU
		{797F48E6-8D08-4925-A65A-B358308BBF35}.AppStore|x86.ActiveCfg = Release|x86
		{797F48E6-8D08-4925-A65A-B358308BBF35}.AppStore|x86.Build.0 = Release|x86
		{797F48E6-8D08-4925-A65A-B358308BBF35}.Debug|Any CPU.ActiveCfg = Debug|Any CPU
		{797F48E6-8D08-4925-A65A-B358308BBF35}.Debug|Any CPU.Build.0 = Debug|Any CPU
		{797F48E6-8D08-4925-A65A-B358308BBF35}.Debug|ARM.ActiveCfg = Debug|Any CPU
		{797F48E6-8D08-4925-A65A-B358308BBF35}.Debug|ARM.Build.0 = Debug|Any CPU
		{797F48E6-8D08-4925-A65A-B358308BBF35}.Debug|iPhone.ActiveCfg = Debug|Any CPU
		{797F48E6-8D08-4925-A65A-B358308BBF35}.Debug|iPhone.Build.0 = Debug|Any CPU
		{797F48E6-8D08-4925-A65A-B358308BBF35}.Debug|iPhoneSimulator.ActiveCfg = Debug|Any CPU
		{797F48E6-8D08-4925-A65A-B358308BBF35}.Debug|iPhoneSimulator.Build.0 = Debug|Any CPU
		{797F48E6-8D08-4925-A65A-B358308BBF35}.Debug|x64.ActiveCfg = Debug|Any CPU
		{797F48E6-8D08-4925-A65A-B358308BBF35}.Debug|x64.Build.0 = Debug|Any CPU
		{797F48E6-8D08-4925-A65A-B358308BBF35}.Debug|x86.ActiveCfg = Debug|x86
		{797F48E6-8D08-4925-A65A-B358308BBF35}.Debug|x86.Build.0 = Debug|x86
		{797F48E6-8D08-4925-A65A-B358308BBF35}.Release|Any CPU.ActiveCfg = Release|Any CPU
		{797F48E6-8D08-4925-A65A-B358308BBF35}.Release|Any CPU.Build.0 = Release|Any CPU
		{797F48E6-8D08-4925-A65A-B358308BBF35}.Release|ARM.ActiveCfg = Release|Any CPU
		{797F48E6-8D08-4925-A65A-B358308BBF35}.Release|ARM.Build.0 = Release|Any CPU
		{797F48E6-8D08-4925-A65A-B358308BBF35}.Release|iPhone.ActiveCfg = Release|Any CPU
		{797F48E6-8D08-4925-A65A-B358308BBF35}.Release|iPhone.Build.0 = Release|Any CPU
		{797F48E6-8D08-4925-A65A-B358308BBF35}.Release|iPhoneSimulator.ActiveCfg = Release|Any CPU
		{797F48E6-8D08-4925-A65A-B358308BBF35}.Release|iPhoneSimulator.Build.0 = Release|Any CPU
		{797F48E6-8D08-4925-A65A-B358308BBF35}.Release|x64.ActiveCfg = Release|Any CPU
		{797F48E6-8D08-4925-A65A-B358308BBF35}.Release|x64.Build.0 = Release|Any CPU
		{797F48E6-8D08-4925-A65A-B358308BBF35}.Release|x86.ActiveCfg = Release|x86
		{797F48E6-8D08-4925-A65A-B358308BBF35}.Release|x86.Build.0 = Release|x86
		{BE810E89-2AAB-4D0F-8C78-F3237C4F80D0}.Ad-Hoc|Any CPU.ActiveCfg = Release|Any CPU
		{BE810E89-2AAB-4D0F-8C78-F3237C4F80D0}.Ad-Hoc|Any CPU.Build.0 = Release|Any CPU
		{BE810E89-2AAB-4D0F-8C78-F3237C4F80D0}.Ad-Hoc|Any CPU.Deploy.0 = Release|Any CPU
		{BE810E89-2AAB-4D0F-8C78-F3237C4F80D0}.Ad-Hoc|ARM.ActiveCfg = Release|Any CPU
		{BE810E89-2AAB-4D0F-8C78-F3237C4F80D0}.Ad-Hoc|ARM.Build.0 = Release|Any CPU
		{BE810E89-2AAB-4D0F-8C78-F3237C4F80D0}.Ad-Hoc|ARM.Deploy.0 = Release|Any CPU
		{BE810E89-2AAB-4D0F-8C78-F3237C4F80D0}.Ad-Hoc|iPhone.ActiveCfg = Release|Any CPU
		{BE810E89-2AAB-4D0F-8C78-F3237C4F80D0}.Ad-Hoc|iPhone.Build.0 = Release|Any CPU
		{BE810E89-2AAB-4D0F-8C78-F3237C4F80D0}.Ad-Hoc|iPhone.Deploy.0 = Release|Any CPU
		{BE810E89-2AAB-4D0F-8C78-F3237C4F80D0}.Ad-Hoc|iPhoneSimulator.ActiveCfg = Release|Any CPU
		{BE810E89-2AAB-4D0F-8C78-F3237C4F80D0}.Ad-Hoc|iPhoneSimulator.Build.0 = Release|Any CPU
		{BE810E89-2AAB-4D0F-8C78-F3237C4F80D0}.Ad-Hoc|iPhoneSimulator.Deploy.0 = Release|Any CPU
		{BE810E89-2AAB-4D0F-8C78-F3237C4F80D0}.Ad-Hoc|x64.ActiveCfg = Release|Any CPU
		{BE810E89-2AAB-4D0F-8C78-F3237C4F80D0}.Ad-Hoc|x64.Build.0 = Release|Any CPU
		{BE810E89-2AAB-4D0F-8C78-F3237C4F80D0}.Ad-Hoc|x64.Deploy.0 = Release|Any CPU
		{BE810E89-2AAB-4D0F-8C78-F3237C4F80D0}.Ad-Hoc|x86.ActiveCfg = Release|x86
		{BE810E89-2AAB-4D0F-8C78-F3237C4F80D0}.Ad-Hoc|x86.Build.0 = Release|x86
		{BE810E89-2AAB-4D0F-8C78-F3237C4F80D0}.Ad-Hoc|x86.Deploy.0 = Release|x86
		{BE810E89-2AAB-4D0F-8C78-F3237C4F80D0}.AppStore|Any CPU.ActiveCfg = Release|Any CPU
		{BE810E89-2AAB-4D0F-8C78-F3237C4F80D0}.AppStore|Any CPU.Build.0 = Release|Any CPU
		{BE810E89-2AAB-4D0F-8C78-F3237C4F80D0}.AppStore|Any CPU.Deploy.0 = Release|Any CPU
		{BE810E89-2AAB-4D0F-8C78-F3237C4F80D0}.AppStore|ARM.ActiveCfg = Release|Any CPU
		{BE810E89-2AAB-4D0F-8C78-F3237C4F80D0}.AppStore|ARM.Build.0 = Release|Any CPU
		{BE810E89-2AAB-4D0F-8C78-F3237C4F80D0}.AppStore|ARM.Deploy.0 = Release|Any CPU
		{BE810E89-2AAB-4D0F-8C78-F3237C4F80D0}.AppStore|iPhone.ActiveCfg = Release|Any CPU
		{BE810E89-2AAB-4D0F-8C78-F3237C4F80D0}.AppStore|iPhone.Build.0 = Release|Any CPU
		{BE810E89-2AAB-4D0F-8C78-F3237C4F80D0}.AppStore|iPhone.Deploy.0 = Release|Any CPU
		{BE810E89-2AAB-4D0F-8C78-F3237C4F80D0}.AppStore|iPhoneSimulator.ActiveCfg = Release|Any CPU
		{BE810E89-2AAB-4D0F-8C78-F3237C4F80D0}.AppStore|iPhoneSimulator.Build.0 = Release|Any CPU
		{BE810E89-2AAB-4D0F-8C78-F3237C4F80D0}.AppStore|iPhoneSimulator.Deploy.0 = Release|Any CPU
		{BE810E89-2AAB-4D0F-8C78-F3237C4F80D0}.AppStore|x64.ActiveCfg = Release|Any CPU
		{BE810E89-2AAB-4D0F-8C78-F3237C4F80D0}.AppStore|x64.Build.0 = Release|Any CPU
		{BE810E89-2AAB-4D0F-8C78-F3237C4F80D0}.AppStore|x64.Deploy.0 = Release|Any CPU
		{BE810E89-2AAB-4D0F-8C78-F3237C4F80D0}.AppStore|x86.ActiveCfg = Release|x86
		{BE810E89-2AAB-4D0F-8C78-F3237C4F80D0}.AppStore|x86.Build.0 = Release|x86
		{BE810E89-2AAB-4D0F-8C78-F3237C4F80D0}.AppStore|x86.Deploy.0 = Release|x86
		{BE810E89-2AAB-4D0F-8C78-F3237C4F80D0}.Debug|Any CPU.ActiveCfg = Debug|Any CPU
		{BE810E89-2AAB-4D0F-8C78-F3237C4F80D0}.Debug|Any CPU.Build.0 = Debug|Any CPU
		{BE810E89-2AAB-4D0F-8C78-F3237C4F80D0}.Debug|Any CPU.Deploy.0 = Debug|Any CPU
		{BE810E89-2AAB-4D0F-8C78-F3237C4F80D0}.Debug|ARM.ActiveCfg = Debug|Any CPU
		{BE810E89-2AAB-4D0F-8C78-F3237C4F80D0}.Debug|ARM.Build.0 = Debug|Any CPU
		{BE810E89-2AAB-4D0F-8C78-F3237C4F80D0}.Debug|ARM.Deploy.0 = Debug|Any CPU
		{BE810E89-2AAB-4D0F-8C78-F3237C4F80D0}.Debug|iPhone.ActiveCfg = Debug|Any CPU
		{BE810E89-2AAB-4D0F-8C78-F3237C4F80D0}.Debug|iPhone.Build.0 = Debug|Any CPU
		{BE810E89-2AAB-4D0F-8C78-F3237C4F80D0}.Debug|iPhone.Deploy.0 = Debug|Any CPU
		{BE810E89-2AAB-4D0F-8C78-F3237C4F80D0}.Debug|iPhoneSimulator.ActiveCfg = Debug|Any CPU
		{BE810E89-2AAB-4D0F-8C78-F3237C4F80D0}.Debug|iPhoneSimulator.Build.0 = Debug|Any CPU
		{BE810E89-2AAB-4D0F-8C78-F3237C4F80D0}.Debug|iPhoneSimulator.Deploy.0 = Debug|Any CPU
		{BE810E89-2AAB-4D0F-8C78-F3237C4F80D0}.Debug|x64.ActiveCfg = Debug|Any CPU
		{BE810E89-2AAB-4D0F-8C78-F3237C4F80D0}.Debug|x64.Build.0 = Debug|Any CPU
		{BE810E89-2AAB-4D0F-8C78-F3237C4F80D0}.Debug|x64.Deploy.0 = Debug|Any CPU
		{BE810E89-2AAB-4D0F-8C78-F3237C4F80D0}.Debug|x86.ActiveCfg = Debug|x86
		{BE810E89-2AAB-4D0F-8C78-F3237C4F80D0}.Debug|x86.Build.0 = Debug|x86
		{BE810E89-2AAB-4D0F-8C78-F3237C4F80D0}.Debug|x86.Deploy.0 = Debug|x86
		{BE810E89-2AAB-4D0F-8C78-F3237C4F80D0}.Release|Any CPU.ActiveCfg = Release|Any CPU
		{BE810E89-2AAB-4D0F-8C78-F3237C4F80D0}.Release|Any CPU.Build.0 = Release|Any CPU
		{BE810E89-2AAB-4D0F-8C78-F3237C4F80D0}.Release|Any CPU.Deploy.0 = Release|Any CPU
		{BE810E89-2AAB-4D0F-8C78-F3237C4F80D0}.Release|ARM.ActiveCfg = Release|Any CPU
		{BE810E89-2AAB-4D0F-8C78-F3237C4F80D0}.Release|ARM.Build.0 = Release|Any CPU
		{BE810E89-2AAB-4D0F-8C78-F3237C4F80D0}.Release|ARM.Deploy.0 = Release|Any CPU
		{BE810E89-2AAB-4D0F-8C78-F3237C4F80D0}.Release|iPhone.ActiveCfg = Release|Any CPU
		{BE810E89-2AAB-4D0F-8C78-F3237C4F80D0}.Release|iPhone.Build.0 = Release|Any CPU
		{BE810E89-2AAB-4D0F-8C78-F3237C4F80D0}.Release|iPhone.Deploy.0 = Release|Any CPU
		{BE810E89-2AAB-4D0F-8C78-F3237C4F80D0}.Release|iPhoneSimulator.ActiveCfg = Release|Any CPU
		{BE810E89-2AAB-4D0F-8C78-F3237C4F80D0}.Release|iPhoneSimulator.Build.0 = Release|Any CPU
		{BE810E89-2AAB-4D0F-8C78-F3237C4F80D0}.Release|iPhoneSimulator.Deploy.0 = Release|Any CPU
		{BE810E89-2AAB-4D0F-8C78-F3237C4F80D0}.Release|x64.ActiveCfg = Release|Any CPU
		{BE810E89-2AAB-4D0F-8C78-F3237C4F80D0}.Release|x64.Build.0 = Release|Any CPU
		{BE810E89-2AAB-4D0F-8C78-F3237C4F80D0}.Release|x64.Deploy.0 = Release|Any CPU
		{BE810E89-2AAB-4D0F-8C78-F3237C4F80D0}.Release|x86.ActiveCfg = Release|x86
		{BE810E89-2AAB-4D0F-8C78-F3237C4F80D0}.Release|x86.Build.0 = Release|x86
		{BE810E89-2AAB-4D0F-8C78-F3237C4F80D0}.Release|x86.Deploy.0 = Release|x86
		{BB2AFA4C-D22A-4185-9259-1B559015EA0C}.Ad-Hoc|Any CPU.ActiveCfg = Release|Any CPU
		{BB2AFA4C-D22A-4185-9259-1B559015EA0C}.Ad-Hoc|Any CPU.Build.0 = Release|Any CPU
		{BB2AFA4C-D22A-4185-9259-1B559015EA0C}.Ad-Hoc|Any CPU.Deploy.0 = Release|Any CPU
		{BB2AFA4C-D22A-4185-9259-1B559015EA0C}.Ad-Hoc|ARM.ActiveCfg = Release|Any CPU
		{BB2AFA4C-D22A-4185-9259-1B559015EA0C}.Ad-Hoc|ARM.Build.0 = Release|Any CPU
		{BB2AFA4C-D22A-4185-9259-1B559015EA0C}.Ad-Hoc|ARM.Deploy.0 = Release|Any CPU
		{BB2AFA4C-D22A-4185-9259-1B559015EA0C}.Ad-Hoc|iPhone.ActiveCfg = Release|Any CPU
		{BB2AFA4C-D22A-4185-9259-1B559015EA0C}.Ad-Hoc|iPhone.Build.0 = Release|Any CPU
		{BB2AFA4C-D22A-4185-9259-1B559015EA0C}.Ad-Hoc|iPhone.Deploy.0 = Release|Any CPU
		{BB2AFA4C-D22A-4185-9259-1B559015EA0C}.Ad-Hoc|iPhoneSimulator.ActiveCfg = Release|Any CPU
		{BB2AFA4C-D22A-4185-9259-1B559015EA0C}.Ad-Hoc|iPhoneSimulator.Build.0 = Release|Any CPU
		{BB2AFA4C-D22A-4185-9259-1B559015EA0C}.Ad-Hoc|iPhoneSimulator.Deploy.0 = Release|Any CPU
		{BB2AFA4C-D22A-4185-9259-1B559015EA0C}.Ad-Hoc|x64.ActiveCfg = Release|Any CPU
		{BB2AFA4C-D22A-4185-9259-1B559015EA0C}.Ad-Hoc|x64.Build.0 = Release|Any CPU
		{BB2AFA4C-D22A-4185-9259-1B559015EA0C}.Ad-Hoc|x64.Deploy.0 = Release|Any CPU
		{BB2AFA4C-D22A-4185-9259-1B559015EA0C}.Ad-Hoc|x86.ActiveCfg = Release|Any CPU
		{BB2AFA4C-D22A-4185-9259-1B559015EA0C}.Ad-Hoc|x86.Build.0 = Release|Any CPU
		{BB2AFA4C-D22A-4185-9259-1B559015EA0C}.Ad-Hoc|x86.Deploy.0 = Release|Any CPU
		{BB2AFA4C-D22A-4185-9259-1B559015EA0C}.AppStore|Any CPU.ActiveCfg = Release|Any CPU
		{BB2AFA4C-D22A-4185-9259-1B559015EA0C}.AppStore|Any CPU.Build.0 = Release|Any CPU
		{BB2AFA4C-D22A-4185-9259-1B559015EA0C}.AppStore|Any CPU.Deploy.0 = Release|Any CPU
		{BB2AFA4C-D22A-4185-9259-1B559015EA0C}.AppStore|ARM.ActiveCfg = Release|Any CPU
		{BB2AFA4C-D22A-4185-9259-1B559015EA0C}.AppStore|ARM.Build.0 = Release|Any CPU
		{BB2AFA4C-D22A-4185-9259-1B559015EA0C}.AppStore|ARM.Deploy.0 = Release|Any CPU
		{BB2AFA4C-D22A-4185-9259-1B559015EA0C}.AppStore|iPhone.ActiveCfg = Release|Any CPU
		{BB2AFA4C-D22A-4185-9259-1B559015EA0C}.AppStore|iPhone.Build.0 = Release|Any CPU
		{BB2AFA4C-D22A-4185-9259-1B559015EA0C}.AppStore|iPhone.Deploy.0 = Release|Any CPU
		{BB2AFA4C-D22A-4185-9259-1B559015EA0C}.AppStore|iPhoneSimulator.ActiveCfg = Release|Any CPU
		{BB2AFA4C-D22A-4185-9259-1B559015EA0C}.AppStore|iPhoneSimulator.Build.0 = Release|Any CPU
		{BB2AFA4C-D22A-4185-9259-1B559015EA0C}.AppStore|iPhoneSimulator.Deploy.0 = Release|Any CPU
		{BB2AFA4C-D22A-4185-9259-1B559015EA0C}.AppStore|x64.ActiveCfg = Release|Any CPU
		{BB2AFA4C-D22A-4185-9259-1B559015EA0C}.AppStore|x64.Build.0 = Release|Any CPU
		{BB2AFA4C-D22A-4185-9259-1B559015EA0C}.AppStore|x64.Deploy.0 = Release|Any CPU
		{BB2AFA4C-D22A-4185-9259-1B559015EA0C}.AppStore|x86.ActiveCfg = Release|Any CPU
		{BB2AFA4C-D22A-4185-9259-1B559015EA0C}.AppStore|x86.Build.0 = Release|Any CPU
		{BB2AFA4C-D22A-4185-9259-1B559015EA0C}.AppStore|x86.Deploy.0 = Release|Any CPU
		{BB2AFA4C-D22A-4185-9259-1B559015EA0C}.Debug|Any CPU.ActiveCfg = Debug|Any CPU
		{BB2AFA4C-D22A-4185-9259-1B559015EA0C}.Debug|Any CPU.Build.0 = Debug|Any CPU
		{BB2AFA4C-D22A-4185-9259-1B559015EA0C}.Debug|Any CPU.Deploy.0 = Debug|Any CPU
		{BB2AFA4C-D22A-4185-9259-1B559015EA0C}.Debug|ARM.ActiveCfg = Debug|Any CPU
		{BB2AFA4C-D22A-4185-9259-1B559015EA0C}.Debug|ARM.Build.0 = Debug|Any CPU
		{BB2AFA4C-D22A-4185-9259-1B559015EA0C}.Debug|ARM.Deploy.0 = Debug|Any CPU
		{BB2AFA4C-D22A-4185-9259-1B559015EA0C}.Debug|iPhone.ActiveCfg = Debug|Any CPU
		{BB2AFA4C-D22A-4185-9259-1B559015EA0C}.Debug|iPhone.Build.0 = Debug|Any CPU
		{BB2AFA4C-D22A-4185-9259-1B559015EA0C}.Debug|iPhone.Deploy.0 = Debug|Any CPU
		{BB2AFA4C-D22A-4185-9259-1B559015EA0C}.Debug|iPhoneSimulator.ActiveCfg = Debug|Any CPU
		{BB2AFA4C-D22A-4185-9259-1B559015EA0C}.Debug|iPhoneSimulator.Build.0 = Debug|Any CPU
		{BB2AFA4C-D22A-4185-9259-1B559015EA0C}.Debug|iPhoneSimulator.Deploy.0 = Debug|Any CPU
		{BB2AFA4C-D22A-4185-9259-1B559015EA0C}.Debug|x64.ActiveCfg = Debug|Any CPU
		{BB2AFA4C-D22A-4185-9259-1B559015EA0C}.Debug|x64.Build.0 = Debug|Any CPU
		{BB2AFA4C-D22A-4185-9259-1B559015EA0C}.Debug|x64.Deploy.0 = Debug|Any CPU
		{BB2AFA4C-D22A-4185-9259-1B559015EA0C}.Debug|x86.ActiveCfg = Debug|Any CPU
		{BB2AFA4C-D22A-4185-9259-1B559015EA0C}.Debug|x86.Build.0 = Debug|Any CPU
		{BB2AFA4C-D22A-4185-9259-1B559015EA0C}.Debug|x86.Deploy.0 = Debug|Any CPU
		{BB2AFA4C-D22A-4185-9259-1B559015EA0C}.Release|Any CPU.ActiveCfg = Release|Any CPU
		{BB2AFA4C-D22A-4185-9259-1B559015EA0C}.Release|Any CPU.Build.0 = Release|Any CPU
		{BB2AFA4C-D22A-4185-9259-1B559015EA0C}.Release|Any CPU.Deploy.0 = Release|Any CPU
		{BB2AFA4C-D22A-4185-9259-1B559015EA0C}.Release|ARM.ActiveCfg = Release|Any CPU
		{BB2AFA4C-D22A-4185-9259-1B559015EA0C}.Release|ARM.Build.0 = Release|Any CPU
		{BB2AFA4C-D22A-4185-9259-1B559015EA0C}.Release|ARM.Deploy.0 = Release|Any CPU
		{BB2AFA4C-D22A-4185-9259-1B559015EA0C}.Release|iPhone.ActiveCfg = Release|Any CPU
		{BB2AFA4C-D22A-4185-9259-1B559015EA0C}.Release|iPhone.Build.0 = Release|Any CPU
		{BB2AFA4C-D22A-4185-9259-1B559015EA0C}.Release|iPhone.Deploy.0 = Release|Any CPU
		{BB2AFA4C-D22A-4185-9259-1B559015EA0C}.Release|iPhoneSimulator.ActiveCfg = Release|Any CPU
		{BB2AFA4C-D22A-4185-9259-1B559015EA0C}.Release|iPhoneSimulator.Build.0 = Release|Any CPU
		{BB2AFA4C-D22A-4185-9259-1B559015EA0C}.Release|iPhoneSimulator.Deploy.0 = Release|Any CPU
		{BB2AFA4C-D22A-4185-9259-1B559015EA0C}.Release|x64.ActiveCfg = Release|Any CPU
		{BB2AFA4C-D22A-4185-9259-1B559015EA0C}.Release|x64.Build.0 = Release|Any CPU
		{BB2AFA4C-D22A-4185-9259-1B559015EA0C}.Release|x64.Deploy.0 = Release|Any CPU
		{BB2AFA4C-D22A-4185-9259-1B559015EA0C}.Release|x86.ActiveCfg = Release|Any CPU
		{BB2AFA4C-D22A-4185-9259-1B559015EA0C}.Release|x86.Build.0 = Release|Any CPU
		{BB2AFA4C-D22A-4185-9259-1B559015EA0C}.Release|x86.Deploy.0 = Release|Any CPU
		{29B3D0E2-4A18-4791-9BBC-A66532ED9DBF}.Ad-Hoc|Any CPU.ActiveCfg = Ad-Hoc|iPhone
		{29B3D0E2-4A18-4791-9BBC-A66532ED9DBF}.Ad-Hoc|ARM.ActiveCfg = Ad-Hoc|iPhone
		{29B3D0E2-4A18-4791-9BBC-A66532ED9DBF}.Ad-Hoc|iPhone.ActiveCfg = Ad-Hoc|iPhone
		{29B3D0E2-4A18-4791-9BBC-A66532ED9DBF}.Ad-Hoc|iPhone.Build.0 = Ad-Hoc|iPhone
		{29B3D0E2-4A18-4791-9BBC-A66532ED9DBF}.Ad-Hoc|iPhoneSimulator.ActiveCfg = Ad-Hoc|iPhoneSimulator
		{29B3D0E2-4A18-4791-9BBC-A66532ED9DBF}.Ad-Hoc|iPhoneSimulator.Build.0 = Ad-Hoc|iPhoneSimulator
		{29B3D0E2-4A18-4791-9BBC-A66532ED9DBF}.Ad-Hoc|x64.ActiveCfg = Ad-Hoc|iPhone
		{29B3D0E2-4A18-4791-9BBC-A66532ED9DBF}.Ad-Hoc|x86.ActiveCfg = Ad-Hoc|iPhone
		{29B3D0E2-4A18-4791-9BBC-A66532ED9DBF}.AppStore|Any CPU.ActiveCfg = AppStore|iPhone
		{29B3D0E2-4A18-4791-9BBC-A66532ED9DBF}.AppStore|ARM.ActiveCfg = AppStore|iPhone
		{29B3D0E2-4A18-4791-9BBC-A66532ED9DBF}.AppStore|iPhone.ActiveCfg = AppStore|iPhone
		{29B3D0E2-4A18-4791-9BBC-A66532ED9DBF}.AppStore|iPhone.Build.0 = AppStore|iPhone
		{29B3D0E2-4A18-4791-9BBC-A66532ED9DBF}.AppStore|iPhoneSimulator.ActiveCfg = AppStore|iPhoneSimulator
		{29B3D0E2-4A18-4791-9BBC-A66532ED9DBF}.AppStore|iPhoneSimulator.Build.0 = AppStore|iPhoneSimulator
		{29B3D0E2-4A18-4791-9BBC-A66532ED9DBF}.AppStore|x64.ActiveCfg = AppStore|iPhone
		{29B3D0E2-4A18-4791-9BBC-A66532ED9DBF}.AppStore|x86.ActiveCfg = AppStore|iPhone
		{29B3D0E2-4A18-4791-9BBC-A66532ED9DBF}.Debug|Any CPU.ActiveCfg = Debug|iPhone
		{29B3D0E2-4A18-4791-9BBC-A66532ED9DBF}.Debug|ARM.ActiveCfg = Debug|iPhone
		{29B3D0E2-4A18-4791-9BBC-A66532ED9DBF}.Debug|iPhone.ActiveCfg = Debug|iPhone
		{29B3D0E2-4A18-4791-9BBC-A66532ED9DBF}.Debug|iPhone.Build.0 = Debug|iPhone
		{29B3D0E2-4A18-4791-9BBC-A66532ED9DBF}.Debug|iPhoneSimulator.ActiveCfg = Debug|iPhoneSimulator
		{29B3D0E2-4A18-4791-9BBC-A66532ED9DBF}.Debug|iPhoneSimulator.Build.0 = Debug|iPhoneSimulator
		{29B3D0E2-4A18-4791-9BBC-A66532ED9DBF}.Debug|x64.ActiveCfg = Debug|iPhone
		{29B3D0E2-4A18-4791-9BBC-A66532ED9DBF}.Debug|x86.ActiveCfg = Debug|iPhone
		{29B3D0E2-4A18-4791-9BBC-A66532ED9DBF}.Release|Any CPU.ActiveCfg = Release|iPhone
		{29B3D0E2-4A18-4791-9BBC-A66532ED9DBF}.Release|ARM.ActiveCfg = Release|iPhone
		{29B3D0E2-4A18-4791-9BBC-A66532ED9DBF}.Release|iPhone.ActiveCfg = Release|iPhone
		{29B3D0E2-4A18-4791-9BBC-A66532ED9DBF}.Release|iPhone.Build.0 = Release|iPhone
		{29B3D0E2-4A18-4791-9BBC-A66532ED9DBF}.Release|iPhoneSimulator.ActiveCfg = Release|iPhoneSimulator
		{29B3D0E2-4A18-4791-9BBC-A66532ED9DBF}.Release|iPhoneSimulator.Build.0 = Release|iPhoneSimulator
		{29B3D0E2-4A18-4791-9BBC-A66532ED9DBF}.Release|x64.ActiveCfg = Release|iPhone
		{29B3D0E2-4A18-4791-9BBC-A66532ED9DBF}.Release|x86.ActiveCfg = Release|iPhone
		{63F5BA99-75C3-4060-AFCC-9E960C36A567}.Ad-Hoc|Any CPU.ActiveCfg = Release|x86
		{63F5BA99-75C3-4060-AFCC-9E960C36A567}.Ad-Hoc|Any CPU.Build.0 = Release|x86
		{63F5BA99-75C3-4060-AFCC-9E960C36A567}.Ad-Hoc|Any CPU.Deploy.0 = Release|x86
		{63F5BA99-75C3-4060-AFCC-9E960C36A567}.Ad-Hoc|ARM.ActiveCfg = Release|ARM
		{63F5BA99-75C3-4060-AFCC-9E960C36A567}.Ad-Hoc|ARM.Build.0 = Release|ARM
		{63F5BA99-75C3-4060-AFCC-9E960C36A567}.Ad-Hoc|ARM.Deploy.0 = Release|ARM
		{63F5BA99-75C3-4060-AFCC-9E960C36A567}.Ad-Hoc|iPhone.ActiveCfg = Release|x86
		{63F5BA99-75C3-4060-AFCC-9E960C36A567}.Ad-Hoc|iPhone.Build.0 = Release|x86
		{63F5BA99-75C3-4060-AFCC-9E960C36A567}.Ad-Hoc|iPhone.Deploy.0 = Release|x86
		{63F5BA99-75C3-4060-AFCC-9E960C36A567}.Ad-Hoc|iPhoneSimulator.ActiveCfg = Release|x86
		{63F5BA99-75C3-4060-AFCC-9E960C36A567}.Ad-Hoc|iPhoneSimulator.Build.0 = Release|x86
		{63F5BA99-75C3-4060-AFCC-9E960C36A567}.Ad-Hoc|iPhoneSimulator.Deploy.0 = Release|x86
		{63F5BA99-75C3-4060-AFCC-9E960C36A567}.Ad-Hoc|x64.ActiveCfg = Release|x64
		{63F5BA99-75C3-4060-AFCC-9E960C36A567}.Ad-Hoc|x64.Build.0 = Release|x64
		{63F5BA99-75C3-4060-AFCC-9E960C36A567}.Ad-Hoc|x64.Deploy.0 = Release|x64
		{63F5BA99-75C3-4060-AFCC-9E960C36A567}.Ad-Hoc|x86.ActiveCfg = Release|x86
		{63F5BA99-75C3-4060-AFCC-9E960C36A567}.Ad-Hoc|x86.Build.0 = Release|x86
		{63F5BA99-75C3-4060-AFCC-9E960C36A567}.Ad-Hoc|x86.Deploy.0 = Release|x86
		{63F5BA99-75C3-4060-AFCC-9E960C36A567}.AppStore|Any CPU.ActiveCfg = Release|x86
		{63F5BA99-75C3-4060-AFCC-9E960C36A567}.AppStore|Any CPU.Build.0 = Release|x86
		{63F5BA99-75C3-4060-AFCC-9E960C36A567}.AppStore|Any CPU.Deploy.0 = Release|x86
		{63F5BA99-75C3-4060-AFCC-9E960C36A567}.AppStore|ARM.ActiveCfg = Release|ARM
		{63F5BA99-75C3-4060-AFCC-9E960C36A567}.AppStore|ARM.Build.0 = Release|ARM
		{63F5BA99-75C3-4060-AFCC-9E960C36A567}.AppStore|ARM.Deploy.0 = Release|ARM
		{63F5BA99-75C3-4060-AFCC-9E960C36A567}.AppStore|iPhone.ActiveCfg = Release|x86
		{63F5BA99-75C3-4060-AFCC-9E960C36A567}.AppStore|iPhone.Build.0 = Release|x86
		{63F5BA99-75C3-4060-AFCC-9E960C36A567}.AppStore|iPhone.Deploy.0 = Release|x86
		{63F5BA99-75C3-4060-AFCC-9E960C36A567}.AppStore|iPhoneSimulator.ActiveCfg = Release|x86
		{63F5BA99-75C3-4060-AFCC-9E960C36A567}.AppStore|iPhoneSimulator.Build.0 = Release|x86
		{63F5BA99-75C3-4060-AFCC-9E960C36A567}.AppStore|iPhoneSimulator.Deploy.0 = Release|x86
		{63F5BA99-75C3-4060-AFCC-9E960C36A567}.AppStore|x64.ActiveCfg = Release|x64
		{63F5BA99-75C3-4060-AFCC-9E960C36A567}.AppStore|x64.Build.0 = Release|x64
		{63F5BA99-75C3-4060-AFCC-9E960C36A567}.AppStore|x64.Deploy.0 = Release|x64
		{63F5BA99-75C3-4060-AFCC-9E960C36A567}.AppStore|x86.ActiveCfg = Release|x86
		{63F5BA99-75C3-4060-AFCC-9E960C36A567}.AppStore|x86.Build.0 = Release|x86
		{63F5BA99-75C3-4060-AFCC-9E960C36A567}.AppStore|x86.Deploy.0 = Release|x86
		{63F5BA99-75C3-4060-AFCC-9E960C36A567}.Debug|Any CPU.ActiveCfg = Debug|x86
		{63F5BA99-75C3-4060-AFCC-9E960C36A567}.Debug|ARM.ActiveCfg = Debug|ARM
		{63F5BA99-75C3-4060-AFCC-9E960C36A567}.Debug|ARM.Build.0 = Debug|ARM
		{63F5BA99-75C3-4060-AFCC-9E960C36A567}.Debug|ARM.Deploy.0 = Debug|ARM
		{63F5BA99-75C3-4060-AFCC-9E960C36A567}.Debug|iPhone.ActiveCfg = Debug|x86
		{63F5BA99-75C3-4060-AFCC-9E960C36A567}.Debug|iPhoneSimulator.ActiveCfg = Debug|x86
		{63F5BA99-75C3-4060-AFCC-9E960C36A567}.Debug|x64.ActiveCfg = Debug|x64
		{63F5BA99-75C3-4060-AFCC-9E960C36A567}.Debug|x64.Build.0 = Debug|x64
		{63F5BA99-75C3-4060-AFCC-9E960C36A567}.Debug|x64.Deploy.0 = Debug|x64
		{63F5BA99-75C3-4060-AFCC-9E960C36A567}.Debug|x86.ActiveCfg = Debug|x86
		{63F5BA99-75C3-4060-AFCC-9E960C36A567}.Debug|x86.Build.0 = Debug|x86
		{63F5BA99-75C3-4060-AFCC-9E960C36A567}.Debug|x86.Deploy.0 = Debug|x86
		{63F5BA99-75C3-4060-AFCC-9E960C36A567}.Release|Any CPU.ActiveCfg = Release|x86
		{63F5BA99-75C3-4060-AFCC-9E960C36A567}.Release|ARM.ActiveCfg = Release|ARM
		{63F5BA99-75C3-4060-AFCC-9E960C36A567}.Release|ARM.Build.0 = Release|ARM
		{63F5BA99-75C3-4060-AFCC-9E960C36A567}.Release|ARM.Deploy.0 = Release|ARM
		{63F5BA99-75C3-4060-AFCC-9E960C36A567}.Release|iPhone.ActiveCfg = Release|x86
		{63F5BA99-75C3-4060-AFCC-9E960C36A567}.Release|iPhoneSimulator.ActiveCfg = Release|x86
		{63F5BA99-75C3-4060-AFCC-9E960C36A567}.Release|x64.ActiveCfg = Release|x64
		{63F5BA99-75C3-4060-AFCC-9E960C36A567}.Release|x64.Build.0 = Release|x64
		{63F5BA99-75C3-4060-AFCC-9E960C36A567}.Release|x64.Deploy.0 = Release|x64
		{63F5BA99-75C3-4060-AFCC-9E960C36A567}.Release|x86.ActiveCfg = Release|x86
		{63F5BA99-75C3-4060-AFCC-9E960C36A567}.Release|x86.Build.0 = Release|x86
		{63F5BA99-75C3-4060-AFCC-9E960C36A567}.Release|x86.Deploy.0 = Release|x86
		{4F13B2BB-A5BE-4734-8B52-2A1460CD3BC4}.Ad-Hoc|Any CPU.ActiveCfg = Debug|Any CPU
		{4F13B2BB-A5BE-4734-8B52-2A1460CD3BC4}.Ad-Hoc|Any CPU.Build.0 = Debug|Any CPU
		{4F13B2BB-A5BE-4734-8B52-2A1460CD3BC4}.Ad-Hoc|ARM.ActiveCfg = Debug|Any CPU
		{4F13B2BB-A5BE-4734-8B52-2A1460CD3BC4}.Ad-Hoc|ARM.Build.0 = Debug|Any CPU
		{4F13B2BB-A5BE-4734-8B52-2A1460CD3BC4}.Ad-Hoc|iPhone.ActiveCfg = Debug|Any CPU
		{4F13B2BB-A5BE-4734-8B52-2A1460CD3BC4}.Ad-Hoc|iPhone.Build.0 = Debug|Any CPU
		{4F13B2BB-A5BE-4734-8B52-2A1460CD3BC4}.Ad-Hoc|iPhoneSimulator.ActiveCfg = Debug|Any CPU
		{4F13B2BB-A5BE-4734-8B52-2A1460CD3BC4}.Ad-Hoc|iPhoneSimulator.Build.0 = Debug|Any CPU
		{4F13B2BB-A5BE-4734-8B52-2A1460CD3BC4}.Ad-Hoc|x64.ActiveCfg = Debug|Any CPU
		{4F13B2BB-A5BE-4734-8B52-2A1460CD3BC4}.Ad-Hoc|x64.Build.0 = Debug|Any CPU
		{4F13B2BB-A5BE-4734-8B52-2A1460CD3BC4}.Ad-Hoc|x86.ActiveCfg = Debug|Any CPU
		{4F13B2BB-A5BE-4734-8B52-2A1460CD3BC4}.Ad-Hoc|x86.Build.0 = Debug|Any CPU
		{4F13B2BB-A5BE-4734-8B52-2A1460CD3BC4}.AppStore|Any CPU.ActiveCfg = Debug|Any CPU
		{4F13B2BB-A5BE-4734-8B52-2A1460CD3BC4}.AppStore|Any CPU.Build.0 = Debug|Any CPU
		{4F13B2BB-A5BE-4734-8B52-2A1460CD3BC4}.AppStore|ARM.ActiveCfg = Debug|Any CPU
		{4F13B2BB-A5BE-4734-8B52-2A1460CD3BC4}.AppStore|ARM.Build.0 = Debug|Any CPU
		{4F13B2BB-A5BE-4734-8B52-2A1460CD3BC4}.AppStore|iPhone.ActiveCfg = Debug|Any CPU
		{4F13B2BB-A5BE-4734-8B52-2A1460CD3BC4}.AppStore|iPhone.Build.0 = Debug|Any CPU
		{4F13B2BB-A5BE-4734-8B52-2A1460CD3BC4}.AppStore|iPhoneSimulator.ActiveCfg = Debug|Any CPU
		{4F13B2BB-A5BE-4734-8B52-2A1460CD3BC4}.AppStore|iPhoneSimulator.Build.0 = Debug|Any CPU
		{4F13B2BB-A5BE-4734-8B52-2A1460CD3BC4}.AppStore|x64.ActiveCfg = Debug|Any CPU
		{4F13B2BB-A5BE-4734-8B52-2A1460CD3BC4}.AppStore|x64.Build.0 = Debug|Any CPU
		{4F13B2BB-A5BE-4734-8B52-2A1460CD3BC4}.AppStore|x86.ActiveCfg = Debug|Any CPU
		{4F13B2BB-A5BE-4734-8B52-2A1460CD3BC4}.AppStore|x86.Build.0 = Debug|Any CPU
		{4F13B2BB-A5BE-4734-8B52-2A1460CD3BC4}.Debug|Any CPU.ActiveCfg = Debug|Any CPU
		{4F13B2BB-A5BE-4734-8B52-2A1460CD3BC4}.Debug|Any CPU.Build.0 = Debug|Any CPU
		{4F13B2BB-A5BE-4734-8B52-2A1460CD3BC4}.Debug|ARM.ActiveCfg = Debug|Any CPU
		{4F13B2BB-A5BE-4734-8B52-2A1460CD3BC4}.Debug|ARM.Build.0 = Debug|Any CPU
		{4F13B2BB-A5BE-4734-8B52-2A1460CD3BC4}.Debug|iPhone.ActiveCfg = Debug|Any CPU
		{4F13B2BB-A5BE-4734-8B52-2A1460CD3BC4}.Debug|iPhone.Build.0 = Debug|Any CPU
		{4F13B2BB-A5BE-4734-8B52-2A1460CD3BC4}.Debug|iPhoneSimulator.ActiveCfg = Debug|Any CPU
		{4F13B2BB-A5BE-4734-8B52-2A1460CD3BC4}.Debug|iPhoneSimulator.Build.0 = Debug|Any CPU
		{4F13B2BB-A5BE-4734-8B52-2A1460CD3BC4}.Debug|x64.ActiveCfg = Debug|Any CPU
		{4F13B2BB-A5BE-4734-8B52-2A1460CD3BC4}.Debug|x64.Build.0 = Debug|Any CPU
		{4F13B2BB-A5BE-4734-8B52-2A1460CD3BC4}.Debug|x86.ActiveCfg = Debug|Any CPU
		{4F13B2BB-A5BE-4734-8B52-2A1460CD3BC4}.Debug|x86.Build.0 = Debug|Any CPU
		{4F13B2BB-A5BE-4734-8B52-2A1460CD3BC4}.Release|Any CPU.ActiveCfg = Release|Any CPU
		{4F13B2BB-A5BE-4734-8B52-2A1460CD3BC4}.Release|Any CPU.Build.0 = Release|Any CPU
		{4F13B2BB-A5BE-4734-8B52-2A1460CD3BC4}.Release|ARM.ActiveCfg = Release|Any CPU
		{4F13B2BB-A5BE-4734-8B52-2A1460CD3BC4}.Release|ARM.Build.0 = Release|Any CPU
		{4F13B2BB-A5BE-4734-8B52-2A1460CD3BC4}.Release|iPhone.ActiveCfg = Release|Any CPU
		{4F13B2BB-A5BE-4734-8B52-2A1460CD3BC4}.Release|iPhone.Build.0 = Release|Any CPU
		{4F13B2BB-A5BE-4734-8B52-2A1460CD3BC4}.Release|iPhoneSimulator.ActiveCfg = Release|Any CPU
		{4F13B2BB-A5BE-4734-8B52-2A1460CD3BC4}.Release|iPhoneSimulator.Build.0 = Release|Any CPU
		{4F13B2BB-A5BE-4734-8B52-2A1460CD3BC4}.Release|x64.ActiveCfg = Release|Any CPU
		{4F13B2BB-A5BE-4734-8B52-2A1460CD3BC4}.Release|x64.Build.0 = Release|Any CPU
		{4F13B2BB-A5BE-4734-8B52-2A1460CD3BC4}.Release|x86.ActiveCfg = Release|Any CPU
		{4F13B2BB-A5BE-4734-8B52-2A1460CD3BC4}.Release|x86.Build.0 = Release|Any CPU
	EndGlobalSection
	GlobalSection(SolutionProperties) = preSolution
		HideSolutionNode = FALSE
	EndGlobalSection
	GlobalSection(ExtensibilityGlobals) = postSolution
		SolutionGuid = {1D3B339E-E764-4F21-9EB8-7D0F974829A6}
	EndGlobalSection
EndGlobal
